
Microsoft Visual Studio Solution File, Format Version 12.00
# Visual Studio Version 16
VisualStudioVersion = 16.0.31624.102
MinimumVisualStudioVersion = 10.0.40219.1
Project("{FAE04EC0-301F-11D3-BF4B-00C04F79EFBC}") = "OnlineShopppingAPI", "OnlineShopppingAPI\OnlineShopppingAPI.csproj", "{EF2C25CA-9E8C-46D2-8409-D37150FAE1AD}"
EndProject
Global
	GlobalSection(SolutionConfigurationPlatforms) = preSolution
		Debug|Any CPU = Debug|Any CPU
		Release|Any CPU = Release|Any CPU
	EndGlobalSection
	GlobalSection(ProjectConfigurationPlatforms) = postSolution
		{EF2C25CA-9E8C-46D2-8409-D37150FAE1AD}.Debug|Any CPU.ActiveCfg = Debug|Any CPU
		{EF2C25CA-9E8C-46D2-8409-D37150FAE1AD}.Debug|Any CPU.Build.0 = Debug|Any CPU
		{EF2C25CA-9E8C-46D2-8409-D37150FAE1AD}.Release|Any CPU.ActiveCfg = Release|Any CPU
		{EF2C25CA-9E8C-46D2-8409-D37150FAE1AD}.Release|Any CPU.Build.0 = Release|Any CPU
	EndGlobalSection
	GlobalSection(SolutionProperties) = preSolution
		HideSolutionNode = FALSE
	EndGlobalSection
	GlobalSection(ExtensibilityGlobals) = postSolution
		SolutionGuid = {82B80D29-AE26-4004-8ACF-6DAA0A6146C8}
	EndGlobalSection
EndGlobal
